// !$*UTF8*$!
{
	archiveVersion = 1;
	classes = {
	};
	objectVersion = 46;
	objects = {

/* Begin PBXBuildFile section */
		CA3575B019ACDDAE00916F13 /* Foundation.framework in Frameworks */ = {isa = PBXBuildFile; fileRef = CA3575AF19ACDDAE00916F13 /* Foundation.framework */; };
		CA3575B219ACDDAE00916F13 /* CoreGraphics.framework in Frameworks */ = {isa = PBXBuildFile; fileRef = CA3575B119ACDDAE00916F13 /* CoreGraphics.framework */; };
		CA3575B419ACDDAE00916F13 /* UIKit.framework in Frameworks */ = {isa = PBXBuildFile; fileRef = CA3575B319ACDDAE00916F13 /* UIKit.framework */; };
		CA3575BA19ACDDAE00916F13 /* InfoPlist.strings in Resources */ = {isa = PBXBuildFile; fileRef = CA3575B819ACDDAE00916F13 /* InfoPlist.strings */; };
		CA3575BC19ACDDAE00916F13 /* main.m in Sources */ = {isa = PBXBuildFile; fileRef = CA3575BB19ACDDAE00916F13 /* main.m */; };
		CA3575C019ACDDAE00916F13 /* JCSAppDelegate.m in Sources */ = {isa = PBXBuildFile; fileRef = CA3575BF19ACDDAE00916F13 /* JCSAppDelegate.m */; };
		CA3575C219ACDDAE00916F13 /* Images.xcassets in Resources */ = {isa = PBXBuildFile; fileRef = CA3575C119ACDDAE00916F13 /* Images.xcassets */; };
		CA3575C919ACDDAF00916F13 /* XCTest.framework in Frameworks */ = {isa = PBXBuildFile; fileRef = CA3575C819ACDDAF00916F13 /* XCTest.framework */; };
		CA3575CA19ACDDAF00916F13 /* Foundation.framework in Frameworks */ = {isa = PBXBuildFile; fileRef = CA3575AF19ACDDAE00916F13 /* Foundation.framework */; };
		CA3575CB19ACDDAF00916F13 /* UIKit.framework in Frameworks */ = {isa = PBXBuildFile; fileRef = CA3575B319ACDDAE00916F13 /* UIKit.framework */; };
		CA3575D319ACDDAF00916F13 /* InfoPlist.strings in Resources */ = {isa = PBXBuildFile; fileRef = CA3575D119ACDDAF00916F13 /* InfoPlist.strings */; };
		CA3575D519ACDDAF00916F13 /* iPhoneMotionTests.m in Sources */ = {isa = PBXBuildFile; fileRef = CA3575D419ACDDAF00916F13 /* iPhoneMotionTests.m */; };
/* End PBXBuildFile section */

/* Begin PBXContainerItemProxy section */
		CA3575CC19ACDDAF00916F13 /* PBXContainerItemProxy */ = {
			isa = PBXContainerItemProxy;
			containerPortal = CA3575A419ACDDAE00916F13 /* Project object */;
			proxyType = 1;
			remoteGlobalIDString = CA3575AB19ACDDAE00916F13;
			remoteInfo = iPhoneMotion;
		};
/* End PBXContainerItemProxy section */

/* Begin PBXFileReference section */
		CA3575AC19ACDDAE00916F13 /* iPhoneMotion.app */ = {isa = PBXFileReference; explicitFileType = wrapper.application; includeInIndex = 0; path = iPhoneMotion.app; sourceTree = BUILT_PRODUCTS_DIR; };
		CA3575AF19ACDDAE00916F13 /* Foundation.framework */ = {isa = PBXFileReference; lastKnownFileType = wrapper.framework; name = Foundation.framework; path = System/Library/Frameworks/Foundation.framework; sourceTree = SDKROOT; };
		CA3575B119ACDDAE00916F13 /* CoreGraphics.framework */ = {isa = PBXFileReference; lastKnownFileType = wrapper.framework; name = CoreGraphics.framework; path = System/Library/Frameworks/CoreGraphics.framework; sourceTree = SDKROOT; };
		CA3575B319ACDDAE00916F13 /* UIKit.framework */ = {isa = PBXFileReference; lastKnownFileType = wrapper.framework; name = UIKit.framework; path = System/Library/Frameworks/UIKit.framework; sourceTree = SDKROOT; };
		CA3575B719ACDDAE00916F13 /* iPhoneMotion-Info.plist */ = {isa = PBXFileReference; lastKnownFileType = text.plist.xml; path = "iPhoneMotion-Info.plist"; sourceTree = "<group>"; };
		CA3575B919ACDDAE00916F13 /* en */ = {isa = PBXFileReference; lastKnownFileType = text.plist.strings; name = en; path = en.lproj/InfoPlist.strings; sourceTree = "<group>"; };
		CA3575BB19ACDDAE00916F13 /* main.m */ = {isa = PBXFileReference; lastKnownFileType = sourcecode.c.objc; path = main.m; sourceTree = "<group>"; };
		CA3575BD19ACDDAE00916F13 /* iPhoneMotion-Prefix.pch */ = {isa = PBXFileReference; lastKnownFileType = sourcecode.c.h; path = "iPhoneMotion-Prefix.pch"; sourceTree = "<group>"; };
		CA3575BE19ACDDAE00916F13 /* JCSAppDelegate.h */ = {isa = PBXFileReference; lastKnownFileType = sourcecode.c.h; path = JCSAppDelegate.h; sourceTree = "<group>"; };
		CA3575BF19ACDDAE00916F13 /* JCSAppDelegate.m */ = {isa = PBXFileReference; lastKnownFileType = sourcecode.c.objc; path = JCSAppDelegate.m; sourceTree = "<group>"; };
		CA3575C119ACDDAE00916F13 /* Images.xcassets */ = {isa = PBXFileReference; lastKnownFileType = folder.assetcatalog; path = Images.xcassets; sourceTree = "<group>"; };
		CA3575C719ACDDAF00916F13 /* iPhoneMotionTests.xctest */ = {isa = PBXFileReference; explicitFileType = wrapper.cfbundle; includeInIndex = 0; path = iPhoneMotionTests.xctest; sourceTree = BUILT_PRODUCTS_DIR; };
		CA3575C819ACDDAF00916F13 /* XCTest.framework */ = {isa = PBXFileReference; lastKnownFileType = wrapper.framework; name = XCTest.framework; path = Library/Frameworks/XCTest.framework; sourceTree = DEVELOPER_DIR; };
		CA3575D019ACDDAF00916F13 /* iPhoneMotionTests-Info.plist */ = {isa = PBXFileReference; lastKnownFileType = text.plist.xml; path = "iPhoneMotionTests-Info.plist"; sourceTree = "<group>"; };
		CA3575D219ACDDAF00916F13 /* en */ = {isa = PBXFileReference; lastKnownFileType = text.plist.strings; name = en; path = en.lproj/InfoPlist.strings; sourceTree = "<group>"; };
		CA3575D419ACDDAF00916F13 /* iPhoneMotionTests.m */ = {isa = PBXFileReference; lastKnownFileType = sourcecode.c.objc; path = iPhoneMotionTests.m; sourceTree = "<group>"; };
/* End PBXFileReference section */

/* Begin PBXFrameworksBuildPhase section */
		CA3575A919ACDDAE00916F13 /* Frameworks */ = {
			isa = PBXFrameworksBuildPhase;
			buildActionMask = 2147483647;
			files = (
				CA3575B219ACDDAE00916F13 /* CoreGraphics.framework in Frameworks */,
				CA3575B419ACDDAE00916F13 /* UIKit.framework in Frameworks */,
				CA3575B019ACDDAE00916F13 /* Foundation.framework in Frameworks */,
			);
			runOnlyForDeploymentPostprocessing = 0;
		};
		CA3575C419ACDDAF00916F13 /* Frameworks */ = {
			isa = PBXFrameworksBuildPhase;
			buildActionMask = 2147483647;
			files = (
				CA3575C919ACDDAF00916F13 /* XCTest.framework in Frameworks */,
				CA3575CB19ACDDAF00916F13 /* UIKit.framework in Frameworks */,
				CA3575CA19ACDDAF00916F13 /* Foundation.framework in Frameworks */,
			);
			runOnlyForDeploymentPostprocessing = 0;
		};
/* End PBXFrameworksBuildPhase section */

/* Begin PBXGroup section */
		CA3575A319ACDDAE00916F13 = {
			isa = PBXGroup;
			children = (
				CA3575B519ACDDAE00916F13 /* iPhoneMotion */,
				CA3575CE19ACDDAF00916F13 /* iPhoneMotionTests */,
				CA3575AE19ACDDAE00916F13 /* Frameworks */,
				CA3575AD19ACDDAE00916F13 /* Products */,
			);
			sourceTree = "<group>";
		};
		CA3575AD19ACDDAE00916F13 /* Products */ = {
			isa = PBXGroup;
			children = (
				CA3575AC19ACDDAE00916F13 /* iPhoneMotion.app */,
				CA3575C719ACDDAF00916F13 /* iPhoneMotionTests.xctest */,
			);
			name = Products;
			sourceTree = "<group>";
		};
		CA3575AE19ACDDAE00916F13 /* Frameworks */ = {
			isa = PBXGroup;
			children = (
				CA3575AF19ACDDAE00916F13 /* Foundation.framework */,
				CA3575B119ACDDAE00916F13 /* CoreGraphics.framework */,
				CA3575B319ACDDAE00916F13 /* UIKit.framework */,
				CA3575C819ACDDAF00916F13 /* XCTest.framework */,
			);
			name = Frameworks;
			sourceTree = "<group>";
		};
		CA3575B519ACDDAE00916F13 /* iPhoneMotion */ = {
			isa = PBXGroup;
			children = (
				CA3575BE19ACDDAE00916F13 /* JCSAppDelegate.h */,
				CA3575BF19ACDDAE00916F13 /* JCSAppDelegate.m */,
				CA3575C119ACDDAE00916F13 /* Images.xcassets */,
				CA3575B619ACDDAE00916F13 /* Supporting Files */,
			);
			path = iPhoneMotion;
			sourceTree = "<group>";
		};
		CA3575B619ACDDAE00916F13 /* Supporting Files */ = {
			isa = PBXGroup;
			children = (
				CA3575B719ACDDAE00916F13 /* iPhoneMotion-Info.plist */,
				CA3575B819ACDDAE00916F13 /* InfoPlist.strings */,
				CA3575BB19ACDDAE00916F13 /* main.m */,
				CA3575BD19ACDDAE00916F13 /* iPhoneMotion-Prefix.pch */,
			);
			name = "Supporting Files";
			sourceTree = "<group>";
		};
		CA3575CE19ACDDAF00916F13 /* iPhoneMotionTests */ = {
			isa = PBXGroup;
			children = (
				CA3575D419ACDDAF00916F13 /* iPhoneMotionTests.m */,
				CA3575CF19ACDDAF00916F13 /* Supporting Files */,
			);
			path = iPhoneMotionTests;
			sourceTree = "<group>";
		};
		CA3575CF19ACDDAF00916F13 /* Supporting Files */ = {
			isa = PBXGroup;
			children = (
				CA3575D019ACDDAF00916F13 /* iPhoneMotionTests-Info.plist */,
				CA3575D119ACDDAF00916F13 /* InfoPlist.strings */,
			);
			name = "Supporting Files";
			sourceTree = "<group>";
		};
/* End PBXGroup section */

/* Begin PBXNativeTarget section */
		CA3575AB19ACDDAE00916F13 /* iPhoneMotion */ = {
			isa = PBXNativeTarget;
			buildConfigurationList = CA3575D819ACDDAF00916F13 /* Build configuration list for PBXNativeTarget "iPhoneMotion" */;
			buildPhases = (
				CA3575A819ACDDAE00916F13 /* Sources */,
				CA3575A919ACDDAE00916F13 /* Frameworks */,
				CA3575AA19ACDDAE00916F13 /* Resources */,
			);
			buildRules = (
			);
			dependencies = (
			);
			name = iPhoneMotion;
			productName = iPhoneMotion;
			productReference = CA3575AC19ACDDAE00916F13 /* iPhoneMotion.app */;
			productType = "com.apple.product-type.application";
		};
		CA3575C619ACDDAF00916F13 /* iPhoneMotionTests */ = {
			isa = PBXNativeTarget;
			buildConfigurationList = CA3575DB19ACDDAF00916F13 /* Build configuration list for PBXNativeTarget "iPhoneMotionTests" */;
			buildPhases = (
				CA3575C319ACDDAF00916F13 /* Sources */,
				CA3575C419ACDDAF00916F13 /* Frameworks */,
				CA3575C519ACDDAF00916F13 /* Resources */,
			);
			buildRules = (
			);
			dependencies = (
				CA3575CD19ACDDAF00916F13 /* PBXTargetDependency */,
			);
			name = iPhoneMotionTests;
			productName = iPhoneMotionTests;
			productReference = CA3575C719ACDDAF00916F13 /* iPhoneMotionTests.xctest */;
			productType = "com.apple.product-type.bundle.unit-test";
		};
/* End PBXNativeTarget section */

/* Begin PBXProject section */
		CA3575A419ACDDAE00916F13 /* Project object */ = {
			isa = PBXProject;
			attributes = {
				CLASSPREFIX = JCS;
				LastUpgradeCheck = 0510;
				ORGANIZATIONNAME = "Jaicob Stewart";
				TargetAttributes = {
					CA3575C619ACDDAF00916F13 = {
						TestTargetID = CA3575AB19ACDDAE00916F13;
					};
				};
			};
			buildConfigurationList = CA3575A719ACDDAE00916F13 /* Build configuration list for PBXProject "iPhoneMotion" */;
			compatibilityVersion = "Xcode 3.2";
			developmentRegion = English;
			hasScannedForEncodings = 0;
			knownRegions = (
				en,
			);
			mainGroup = CA3575A319ACDDAE00916F13;
			productRefGroup = CA3575AD19ACDDAE00916F13 /* Products */;
			projectDirPath = "";
			projectRoot = "";
			targets = (
				CA3575AB19ACDDAE00916F13 /* iPhoneMotion */,
				CA3575C619ACDDAF00916F13 /* iPhoneMotionTests */,
			);
		};
/* End PBXProject section */

/* Begin PBXResourcesBuildPhase section */
		CA3575AA19ACDDAE00916F13 /* Resources */ = {
			isa = PBXResourcesBuildPhase;
			buildActionMask = 2147483647;
			files = (
				CA3575BA19ACDDAE00916F13 /* InfoPlist.strings in Resources */,
				CA3575C219ACDDAE00916F13 /* Images.xcassets in Resources */,
			);
			runOnlyForDeploymentPostprocessing = 0;
		};
		CA3575C519ACDDAF00916F13 /* Resources */ = {
			isa = PBXResourcesBuildPhase;
			buildActionMask = 2147483647;
			files = (
				CA3575D319ACDDAF00916F13 /* InfoPlist.strings in Resources */,
			);
			runOnlyForDeploymentPostprocessing = 0;
		};
/* End PBXResourcesBuildPhase section */

/* Begin PBXSourcesBuildPhase section */
		CA3575A819ACDDAE00916F13 /* Sources */ = {
			isa = PBXSourcesBuildPhase;
			buildActionMask = 2147483647;
			files = (
				CA3575BC19ACDDAE00916F13 /* main.m in Sources */,
				CA3575C019ACDDAE00916F13 /* JCSAppDelegate.m in Sources */,
			);
			runOnlyForDeploymentPostprocessing = 0;
		};
		CA3575C319ACDDAF00916F13 /* Sources */ = {
			isa = PBXSourcesBuildPhase;
			buildActionMask = 2147483647;
			files = (
				CA3575D519ACDDAF00916F13 /* iPhoneMotionTests.m in Sources */,
			);
			runOnlyForDeploymentPostprocessing = 0;
		};
/* End PBXSourcesBuildPhase section */

/* Begin PBXTargetDependency section */
		CA3575CD19ACDDAF00916F13 /* PBXTargetDependency */ = {
			isa = PBXTargetDependency;
			target = CA3575AB19ACDDAE00916F13 /* iPhoneMotion */;
			targetProxy = CA3575CC19ACDDAF00916F13 /* PBXContainerItemProxy */;
		};
/* End PBXTargetDependency section */

/* Begin PBXVariantGroup section */
		CA3575B819ACDDAE00916F13 /* InfoPlist.strings */ = {
			isa = PBXVariantGroup;
			children = (
				CA3575B919ACDDAE00916F13 /* en */,
			);
			name = InfoPlist.strings;
			sourceTree = "<group>";
		};
		CA3575D119ACDDAF00916F13 /* InfoPlist.strings */ = {
			isa = PBXVariantGroup;
			children = (
				CA3575D219ACDDAF00916F13 /* en */,
			);
			name = InfoPlist.strings;
			sourceTree = "<group>";
		};
/* End PBXVariantGroup section */

/* Begin XCBuildConfiguration section */
		CA3575D619ACDDAF00916F13 /* Debug */ = {
			isa = XCBuildConfiguration;
			buildSettings = {
				ALWAYS_SEARCH_USER_PATHS = NO;
				CLANG_CXX_LANGUAGE_STANDARD = "gnu++0x";
				CLANG_CXX_LIBRARY = "libc++";
				CLANG_ENABLE_MODULES = YES;
				CLANG_ENABLE_OBJC_ARC = YES;
				CLANG_WARN_BOOL_CONVERSION = YES;
				CLANG_WARN_CONSTANT_CONVERSION = YES;
				CLANG_WARN_DIRECT_OBJC_ISA_USAGE = YES_ERROR;
				CLANG_WARN_EMPTY_BODY = YES;
				CLANG_WARN_ENUM_CONVERSION = YES;
				CLANG_WARN_INT_CONVERSION = YES;
				CLANG_WARN_OBJC_ROOT_CLASS = YES_ERROR;
				CLANG_WARN__DUPLICATE_METHOD_MATCH = YES;
				"CODE_SIGN_IDENTITY[sdk=iphoneos*]" = "iPhone Developer";
				COPY_PHASE_STRIP = NO;
				GCC_C_LANGUAGE_STANDARD = gnu99;
				GCC_DYNAMIC_NO_PIC = NO;
				GCC_OPTIMIZATION_LEVEL = 0;
				GCC_PREPROCESSOR_DEFINITIONS = (
					"DEBUG=1",
					"$(inherited)",
				);
				GCC_SYMBOLS_PRIVATE_EXTERN = NO;
				GCC_WARN_64_TO_32_BIT_CONVERSION = YES;
				GCC_WARN_ABOUT_RETURN_TYPE = YES_ERROR;
				GCC_WARN_UNDECLARED_SELECTOR = YES;
				GCC_WARN_UNINITIALIZED_AUTOS = YES_AGGRESSIVE;
				GCC_WARN_UNUSED_FUNCTION = YES;
				GCC_WARN_UNUSED_VARIABLE = YES;
				IPHONEOS_DEPLOYMENT_TARGET = 7.1;
				ONLY_ACTIVE_ARCH = YES;
				SDKROOT = iphoneos;
			};
			name = Debug;
		};
		CA3575D719ACDDAF00916F13 /* Release */ = {
			isa = XCBuildConfiguration;
			buildSettings = {
				ALWAYS_SEARCH_USER_PATHS = NO;
				CLANG_CXX_LANGUAGE_STANDARD = "gnu++0x";
				CLANG_CXX_LIBRARY = "libc++";
				CLANG_ENABLE_MODULES = YES;
				CLANG_ENABLE_OBJC_ARC = YES;
				CLANG_WARN_BOOL_CONVERSION = YES;
				CLANG_WARN_CONSTANT_CONVERSION = YES;
				CLANG_WARN_DIRECT_OBJC_ISA_USAGE = YES_ERROR;
				CLANG_WARN_EMPTY_BODY = YES;
				CLANG_WARN_ENUM_CONVERSION = YES;
				CLANG_WARN_INT_CONVERSION = YES;
				CLANG_WARN_OBJC_ROOT_CLASS = YES_ERROR;
				CLANG_WARN__DUPLICATE_METHOD_MATCH = YES;
				"CODE_SIGN_IDENTITY[sdk=iphoneos*]" = "iPhone Developer";
				COPY_PHASE_STRIP = YES;
				ENABLE_NS_ASSERTIONS = NO;
				GCC_C_LANGUAGE_STANDARD = gnu99;
				GCC_WARN_64_TO_32_BIT_CONVERSION = YES;
				GCC_WARN_ABOUT_RETURN_TYPE = YES_ERROR;
				GCC_WARN_UNDECLARED_SELECTOR = YES;
				GCC_WARN_UNINITIALIZED_AUTOS = YES_AGGRESSIVE;
				GCC_WARN_UNUSED_FUNCTION = YES;
				GCC_WARN_UNUSED_VARIABLE = YES;
				IPHONEOS_DEPLOYMENT_TARGET = 7.1;
				SDKROOT = iphoneos;
				VALIDATE_PRODUCT = YES;
			};
			name = Release;
		};
		CA3575D919ACDDAF00916F13 /* Debug */ = {
			isa = XCBuildConfiguration;
			buildSettings = {
				ASSETCATALOG_COMPILER_APPICON_NAME = AppIcon;
				ASSETCATALOG_COMPILER_LAUNCHIMAGE_NAME = LaunchImage;
				GCC_PRECOMPILE_PREFIX_HEADER = YES;
				GCC_PREFIX_HEADER = "iPhoneMotion/iPhoneMotion-Prefix.pch";
				INFOPLIST_FILE = "iPhoneMotion/iPhoneMotion-Info.plist";
				PRODUCT_NAME = "$(TARGET_NAME)";
				WRAPPER_EXTENSION = app;
			};
			name = Debug;
		};
		CA3575DA19ACDDAF00916F13 /* Release */ = {
			isa = XCBuildConfiguration;
			buildSettings = {
				ASSETCATALOG_COMPILER_APPICON_NAME = AppIcon;
				ASSETCATALOG_COMPILER_LAUNCHIMAGE_NAME = LaunchImage;
				GCC_PRECOMPILE_PREFIX_HEADER = YES;
				GCC_PREFIX_HEADER = "iPhoneMotion/iPhoneMotion-Prefix.pch";
				INFOPLIST_FILE = "iPhoneMotion/iPhoneMotion-Info.plist";
				PRODUCT_NAME = "$(TARGET_NAME)";
				WRAPPER_EXTENSION = app;
			};
			name = Release;
		};
		CA3575DC19ACDDAF00916F13 /* Debug */ = {
			isa = XCBuildConfiguration;
			buildSettings = {
				BUNDLE_LOADER = "$(BUILT_PRODUCTS_DIR)/iPhoneMotion.app/iPhoneMotion";
				FRAMEWORK_SEARCH_PATHS = (
					"$(SDKROOT)/Developer/Library/Frameworks",
					"$(inherited)",
					"$(DEVELOPER_FRAMEWORKS_DIR)",
				);
				GCC_PRECOMPILE_PREFIX_HEADER = YES;
				GCC_PREFIX_HEADER = "iPhoneMotion/iPhoneMotion-Prefix.pch";
				GCC_PREPROCESSOR_DEFINITIONS = (
					"DEBUG=1",
					"$(inherited)",
				);
				INFOPLIST_FILE = "iPhoneMotionTests/iPhoneMotionTests-Info.plist";
				PRODUCT_NAME = "$(TARGET_NAME)";
				TEST_HOST = "$(BUNDLE_LOADER)";
				WRAPPER_EXTENSION = xctest;
			};
			name = Debug;
		};
		CA3575DD19ACDDAF00916F13 /* Release */ = {
			isa = XCBuildConfiguration;
			buildSettings = {
				BUNDLE_LOADER = "$(BUILT_PRODUCTS_DIR)/iPhoneMotion.app/iPhoneMotion";
				FRAMEWORK_SEARCH_PATHS = (
					"$(SDKROOT)/Developer/Library/Frameworks",
					"$(inherited)",
					"$(DEVELOPER_FRAMEWORKS_DIR)",
				);
				GCC_PRECOMPILE_PREFIX_HEADER = YES;
				GCC_PREFIX_HEADER = "iPhoneMotion/iPhoneMotion-Prefix.pch";
				INFOPLIST_FILE = "iPhoneMotionTests/iPhoneMotionTests-Info.plist";
				PRODUCT_NAME = "$(TARGET_NAME)";
				TEST_HOST = "$(BUNDLE_LOADER)";
				WRAPPER_EXTENSION = xctest;
			};
			name = Release;
		};
/* End XCBuildConfiguration section */

/* Begin XCConfigurationList section */
		CA3575A719ACDDAE00916F13 /* Build configuration list for PBXProject "iPhoneMotion" */ = {
			isa = XCConfigurationList;
			buildConfigurations = (
				CA3575D619ACDDAF00916F13 /* Debug */,
				CA3575D719ACDDAF00916F13 /* Release */,
			);
			defaultConfigurationIsVisible = 0;
			defaultConfigurationName = Release;
		};
		CA3575D819ACDDAF00916F13 /* Build configuration list for PBXNativeTarget "iPhoneMotion" */ = {
			isa = XCConfigurationList;
			buildConfigurations = (
				CA3575D919ACDDAF00916F13 /* Debug */,
				CA3575DA19ACDDAF00916F13 /* Release */,
			);
			defaultConfigurationIsVisible = 0;
		};
		CA3575DB19ACDDAF00916F13 /* Build configuration list for PBXNativeTarget "iPhoneMotionTests" */ = {
			isa = XCConfigurationList;
			buildConfigurations = (
				CA3575DC19ACDDAF00916F13 /* Debug */,
				CA3575DD19ACDDAF00916F13 /* Release */,
			);
			defaultConfigurationIsVisible = 0;
		};
/* End XCConfigurationList section */
	};
	rootObject = CA3575A419ACDDAE00916F13 /* Project object */;
}
